
Microsoft Visual Studio Solution File, Format Version 12.00
# Visual Studio Version 17
VisualStudioVersion = 17.1.32407.343
MinimumVisualStudioVersion = 10.0.40219.1
Project("{FAE04EC0-301F-11D3-BF4B-00C04F79EFBC}") = "Hesap Makinesi", "ConsoleApp2\Hesap Makinesi.csproj", "{98C7F8BE-B1B6-4F27-AF1F-C18B9D9D3604}"
EndProject
Global
	GlobalSection(SolutionConfigurationPlatforms) = preSolution
		Debug|Any CPU = Debug|Any CPU
		Release|Any CPU = Release|Any CPU
	EndGlobalSection
	GlobalSection(ProjectConfigurationPlatforms) = postSolution
		{98C7F8BE-B1B6-4F27-AF1F-C18B9D9D3604}.Debug|Any CPU.ActiveCfg = Debug|Any CPU
		{98C7F8BE-B1B6-4F27-AF1F-C18B9D9D3604}.Debug|Any CPU.Build.0 = Debug|Any CPU
		{98C7F8BE-B1B6-4F27-AF1F-C18B9D9D3604}.Release|Any CPU.ActiveCfg = Release|Any CPU
		{98C7F8BE-B1B6-4F27-AF1F-C18B9D9D3604}.Release|Any CPU.Build.0 = Release|Any CPU
	EndGlobalSection
	GlobalSection(SolutionProperties) = preSolution
		HideSolutionNode = FALSE
	EndGlobalSection
	GlobalSection(ExtensibilityGlobals) = postSolution
		SolutionGuid = {21598BDF-0AA7-40F7-A379-9A9FCD034753}
	EndGlobalSection
EndGlobal
